// !$*UTF8*$!
{
	archiveVersion = 1;
	classes = {
	};
	objectVersion = 46;
	objects = {

/* Begin PBXBuildFile section */
		2FB48A291A0A3EBF00369FC8 /* main.cpp in Sources */ = {isa = PBXBuildFile; fileRef = 2FB48A281A0A3EBF00369FC8 /* main.cpp */; };
		2FB48A2B1A0A3EBF00369FC8 /* LocalLibrary.cpp in Sources */ = {isa = PBXBuildFile; fileRef = 2FB48A2A1A0A3EBF00369FC8 /* LocalLibrary.cpp */; };
		2FB48A2E1A0A3EBF00369FC8 /* Makefile in Sources */ = {isa = PBXBuildFile; fileRef = 2FB48A2D1A0A3EBF00369FC8 /* Makefile */; };
/* End PBXBuildFile section */

/* Begin PBXFileReference section */
		2FB48A251A0A3EBF00369FC8 /* Index */ = {isa = PBXFileReference; explicitFileType = "compiled.mach-o.executable"; includeInIndex = 0; path = Index; sourceTree = BUILT_PRODUCTS_DIR; };
		2FB48A281A0A3EBF00369FC8 /* main.cpp */ = {isa = PBXFileReference; lastKnownFileType = sourcecode.cpp.cpp; path = main.cpp; sourceTree = "<group>"; };
		2FB48A2A1A0A3EBF00369FC8 /* LocalLibrary.cpp */ = {isa = PBXFileReference; lastKnownFileType = sourcecode.cpp.cpp; path = LocalLibrary.cpp; sourceTree = "<group>"; };
		2FB48A2C1A0A3EBF00369FC8 /* LocalLibrary.h */ = {isa = PBXFileReference; lastKnownFileType = sourcecode.c.h; path = LocalLibrary.h; sourceTree = "<group>"; };
		2FB48A2D1A0A3EBF00369FC8 /* Makefile */ = {isa = PBXFileReference; lastKnownFileType = sourcecode.make; path = Makefile; sourceTree = "<group>"; };
		2FB48A301A0A3EBF00369FC8 /* Sketchbook.txt */ = {isa = PBXFileReference; lastKnownFileType = text; name = Sketchbook.txt; path = Sketchbook/Sketchbook.txt; sourceTree = "<group>"; };
		2FB48A321A0A3EBF00369FC8 /* 4D Systems PICadillo 35T.xcconfig */ = {isa = PBXFileReference; lastKnownFileType = text.xcconfig; name = "4D Systems PICadillo 35T.xcconfig"; path = "Configurations/4D Systems PICadillo 35T.xcconfig"; sourceTree = "<group>"; };
		2FB48A331A0A3EBF00369FC8 /* Arduino Due.xcconfig */ = {isa = PBXFileReference; lastKnownFileType = text.xcconfig; name = "Arduino Due.xcconfig"; path = "Configurations/Arduino Due.xcconfig"; sourceTree = "<group>"; };
		2FB48A341A0A3EC000369FC8 /* Arduino Duemilanove.xcconfig */ = {isa = PBXFileReference; lastKnownFileType = text.xcconfig; name = "Arduino Duemilanove.xcconfig"; path = "Configurations/Arduino Duemilanove.xcconfig"; sourceTree = "<group>"; };
		2FB48A351A0A3EC000369FC8 /* Arduino Leonardo.xcconfig */ = {isa = PBXFileReference; lastKnownFileType = text.xcconfig; name = "Arduino Leonardo.xcconfig"; path = "Configurations/Arduino Leonardo.xcconfig"; sourceTree = "<group>"; };
		2FB48A361A0A3EC000369FC8 /* Arduino Mega 2560.xcconfig */ = {isa = PBXFileReference; lastKnownFileType = text.xcconfig; name = "Arduino Mega 2560.xcconfig"; path = "Configurations/Arduino Mega 2560.xcconfig"; sourceTree = "<group>"; };
		2FB48A371A0A3EC000369FC8 /* Arduino Micro.xcconfig */ = {isa = PBXFileReference; lastKnownFileType = text.xcconfig; name = "Arduino Micro.xcconfig"; path = "Configurations/Arduino Micro.xcconfig"; sourceTree = "<group>"; };
		2FB48A381A0A3EC000369FC8 /* Arduino Pro with ATmega328-3.3V.xcconfig */ = {isa = PBXFileReference; lastKnownFileType = text.xcconfig; name = "Arduino Pro with ATmega328-3.3V.xcconfig"; path = "Configurations/Arduino Pro with ATmega328-3.3V.xcconfig"; sourceTree = "<group>"; };
		2FB48A391A0A3EC000369FC8 /* Arduino Pro with ATmega328-5V.xcconfig */ = {isa = PBXFileReference; lastKnownFileType = text.xcconfig; name = "Arduino Pro with ATmega328-5V.xcconfig"; path = "Configurations/Arduino Pro with ATmega328-5V.xcconfig"; sourceTree = "<group>"; };
		2FB48A3A1A0A3EC000369FC8 /* Arduino Mini with ATmega168.xcconfig */ = {isa = PBXFileReference; lastKnownFileType = text.xcconfig; name = "Arduino Mini with ATmega168.xcconfig"; path = "Configurations/Arduino Mini with ATmega168.xcconfig"; sourceTree = "<group>"; };
		2FB48A3B1A0A3EC000369FC8 /* Arduino Mini with ATmega328.xcconfig */ = {isa = PBXFileReference; lastKnownFileType = text.xcconfig; name = "Arduino Mini with ATmega328.xcconfig"; path = "Configurations/Arduino Mini with ATmega328.xcconfig"; sourceTree = "<group>"; };
		2FB48A3C1A0A3EC000369FC8 /* Arduino Nano with ATmega168.xcconfig */ = {isa = PBXFileReference; lastKnownFileType = text.xcconfig; name = "Arduino Nano with ATmega168.xcconfig"; path = "Configurations/Arduino Nano with ATmega168.xcconfig"; sourceTree = "<group>"; };
		2FB48A3D1A0A3EC000369FC8 /* Arduino Nano with ATmega328.xcconfig */ = {isa = PBXFileReference; lastKnownFileType = text.xcconfig; name = "Arduino Nano with ATmega328.xcconfig"; path = "Configurations/Arduino Nano with ATmega328.xcconfig"; sourceTree = "<group>"; };
		2FB48A3E1A0A3EC000369FC8 /* Arduino Robot Control.xcconfig */ = {isa = PBXFileReference; lastKnownFileType = text.xcconfig; name = "Arduino Robot Control.xcconfig"; path = "Configurations/Arduino Robot Control.xcconfig"; sourceTree = "<group>"; };
		2FB48A3F1A0A3EC000369FC8 /* Arduino Robot Motor.xcconfig */ = {isa = PBXFileReference; lastKnownFileType = text.xcconfig; name = "Arduino Robot Motor.xcconfig"; path = "Configurations/Arduino Robot Motor.xcconfig"; sourceTree = "<group>"; };
		2FB48A401A0A3EC000369FC8 /* Arduino Uno.xcconfig */ = {isa = PBXFileReference; lastKnownFileType = text.xcconfig; name = "Arduino Uno.xcconfig"; path = "Configurations/Arduino Uno.xcconfig"; sourceTree = "<group>"; };
		2FB48A411A0A3EC000369FC8 /* Arduino Yun.xcconfig */ = {isa = PBXFileReference; lastKnownFileType = text.xcconfig; name = "Arduino Yun.xcconfig"; path = "Configurations/Arduino Yun.xcconfig"; sourceTree = "<group>"; };
		2FB48A421A0A3EC000369FC8 /* chipKIT Uno32.xcconfig */ = {isa = PBXFileReference; lastKnownFileType = text.xcconfig; name = "chipKIT Uno32.xcconfig"; path = "Configurations/chipKIT Uno32.xcconfig"; sourceTree = "<group>"; };
		2FB48A431A0A3EC000369FC8 /* chipKIT Max32.xcconfig */ = {isa = PBXFileReference; lastKnownFileType = text.xcconfig; name = "chipKIT Max32.xcconfig"; path = "Configurations/chipKIT Max32.xcconfig"; sourceTree = "<group>"; };
		2FB48A441A0A3EC000369FC8 /* chipKIT uC32.xcconfig */ = {isa = PBXFileReference; lastKnownFileType = text.xcconfig; name = "chipKIT uC32.xcconfig"; path = "Configurations/chipKIT uC32.xcconfig"; sourceTree = "<group>"; };
		2FB48A451A0A3EC000369FC8 /* DFRobot BLuno.xcconfig */ = {isa = PBXFileReference; lastKnownFileType = text.xcconfig; name = "DFRobot BLuno.xcconfig"; path = "Configurations/DFRobot BLuno.xcconfig"; sourceTree = "<group>"; };
		2FB48A461A0A3EC000369FC8 /* DFRobot Wido.xcconfig */ = {isa = PBXFileReference; lastKnownFileType = text.xcconfig; name = "DFRobot Wido.xcconfig"; path = "Configurations/DFRobot Wido.xcconfig"; sourceTree = "<group>"; };
		2FB48A471A0A3EC000369FC8 /* Digispark Tiny Core.xcconfig */ = {isa = PBXFileReference; lastKnownFileType = text.xcconfig; name = "Digispark Tiny Core.xcconfig"; path = "Configurations/Digispark Tiny Core.xcconfig"; sourceTree = "<group>"; };
		2FB48A481A0A3EC000369FC8 /* Experimeter Board with MSP430FR5739.xcconfig */ = {isa = PBXFileReference; lastKnownFileType = text.xcconfig; name = "Experimeter Board with MSP430FR5739.xcconfig"; path = "Configurations/Experimeter Board with MSP430FR5739.xcconfig"; sourceTree = "<group>"; };
		2FB48A491A0A3EC000369FC8 /* Intel Galileo.xcconfig */ = {isa = PBXFileReference; lastKnownFileType = text.xcconfig; name = "Intel Galileo.xcconfig"; path = "Configurations/Intel Galileo.xcconfig"; sourceTree = "<group>"; };
		2FB48A4A1A0A3EC000369FC8 /* Intel Galileo Gen2.xcconfig */ = {isa = PBXFileReference; lastKnownFileType = text.xcconfig; name = "Intel Galileo Gen2.xcconfig"; path = "Configurations/Intel Galileo Gen2.xcconfig"; sourceTree = "<group>"; };
		2FB48A4B1A0A3EC000369FC8 /* LaunchPad WiFi with CC3200.xcconfig */ = {isa = PBXFileReference; lastKnownFileType = text.xcconfig; name = "LaunchPad WiFi with CC3200.xcconfig"; path = "Configurations/LaunchPad WiFi with CC3200.xcconfig"; sourceTree = "<group>"; };
		2FB48A4C1A0A3EC000369FC8 /* LaunchPad Stellaris with LM4F120.xcconfig */ = {isa = PBXFileReference; lastKnownFileType = text.xcconfig; name = "LaunchPad Stellaris with LM4F120.xcconfig"; path = "Configurations/LaunchPad Stellaris with LM4F120.xcconfig"; sourceTree = "<group>"; };
		2FB48A4D1A0A3EC000369FC8 /* LaunchPad Tiva C with TM4C123.xcconfig */ = {isa = PBXFileReference; lastKnownFileType = text.xcconfig; name = "LaunchPad Tiva C with TM4C123.xcconfig"; path = "Configurations/LaunchPad Tiva C with TM4C123.xcconfig"; sourceTree = "<group>"; };
		2FB48A4E1A0A3EC000369FC8 /* LaunchPad Tiva C with TM4C129.xcconfig */ = {isa = PBXFileReference; lastKnownFileType = text.xcconfig; name = "LaunchPad Tiva C with TM4C129.xcconfig"; path = "Configurations/LaunchPad Tiva C with TM4C129.xcconfig"; sourceTree = "<group>"; };
		2FB48A4F1A0A3EC000369FC8 /* LaunchPad with MSP430G2553.xcconfig */ = {isa = PBXFileReference; lastKnownFileType = text.xcconfig; name = "LaunchPad with MSP430G2553.xcconfig"; path = "Configurations/LaunchPad with MSP430G2553.xcconfig"; sourceTree = "<group>"; };
		2FB48A501A0A3EC000369FC8 /* LaunchPad with MSP430G2231.xcconfig */ = {isa = PBXFileReference; lastKnownFileType = text.xcconfig; name = "LaunchPad with MSP430G2231.xcconfig"; path = "Configurations/LaunchPad with MSP430G2231.xcconfig"; sourceTree = "<group>"; };
		2FB48A511A0A3EC000369FC8 /* LaunchPad with MSP430G2452.xcconfig */ = {isa = PBXFileReference; lastKnownFileType = text.xcconfig; name = "LaunchPad with MSP430G2452.xcconfig"; path = "Configurations/LaunchPad with MSP430G2452.xcconfig"; sourceTree = "<group>"; };
		2FB48A521A0A3EC000369FC8 /* LaunchPad with MSP430F5529.xcconfig */ = {isa = PBXFileReference; lastKnownFileType = text.xcconfig; name = "LaunchPad with MSP430F5529.xcconfig"; path = "Configurations/LaunchPad with MSP430F5529.xcconfig"; sourceTree = "<group>"; };
		2FB48A531A0A3EC000369FC8 /* LaunchPad with MSP430FR5969.xcconfig */ = {isa = PBXFileReference; lastKnownFileType = text.xcconfig; name = "LaunchPad with MSP430FR5969.xcconfig"; path = "Configurations/LaunchPad with MSP430FR5969.xcconfig"; sourceTree = "<group>"; };
		2FB48A541A0A3EC000369FC8 /* Maple Flash revision 3+.xcconfig */ = {isa = PBXFileReference; lastKnownFileType = text.xcconfig; name = "Maple Flash revision 3+.xcconfig"; path = "Configurations/Maple Flash revision 3+.xcconfig"; sourceTree = "<group>"; };
		2FB48A551A0A3EC000369FC8 /* Microduino Core with ATmega328-5V.xcconfig */ = {isa = PBXFileReference; lastKnownFileType = text.xcconfig; name = "Microduino Core with ATmega328-5V.xcconfig"; path = "Configurations/Microduino Core with ATmega328-5V.xcconfig"; sourceTree = "<group>"; };
		2FB48A561A0A3EC000369FC8 /* Microduino Core32u4 with ATmega328U4-5V.xcconfig */ = {isa = PBXFileReference; lastKnownFileType = text.xcconfig; name = "Microduino Core32u4 with ATmega328U4-5V.xcconfig"; path = "Configurations/Microduino Core32u4 with ATmega328U4-5V.xcconfig"; sourceTree = "<group>"; };
		2FB48A571A0A3EC000369FC8 /* Microduino Core+ with ATmega644-5V.xcconfig */ = {isa = PBXFileReference; lastKnownFileType = text.xcconfig; name = "Microduino Core+ with ATmega644-5V.xcconfig"; path = "Configurations/Microduino Core+ with ATmega644-5V.xcconfig"; sourceTree = "<group>"; };
		2FB48A581A0A3EC000369FC8 /* Sparkfun Uno.xcconfig */ = {isa = PBXFileReference; lastKnownFileType = text.xcconfig; name = "Sparkfun Uno.xcconfig"; path = "Configurations/Sparkfun Uno.xcconfig"; sourceTree = "<group>"; };
		2FB48A591A0A3EC000369FC8 /* Teensy 2.0.xcconfig */ = {isa = PBXFileReference; lastKnownFileType = text.xcconfig; name = "Teensy 2.0.xcconfig"; path = "Configurations/Teensy 2.0.xcconfig"; sourceTree = "<group>"; };
		2FB48A5A1A0A3EC000369FC8 /* Teensy 3.0.xcconfig */ = {isa = PBXFileReference; lastKnownFileType = text.xcconfig; name = "Teensy 3.0.xcconfig"; path = "Configurations/Teensy 3.0.xcconfig"; sourceTree = "<group>"; };
		2FB48A5B1A0A3EC000369FC8 /* Teensy 3.1.xcconfig */ = {isa = PBXFileReference; lastKnownFileType = text.xcconfig; name = "Teensy 3.1.xcconfig"; path = "Configurations/Teensy 3.1.xcconfig"; sourceTree = "<group>"; };
		2FB48A5C1A0A3EC000369FC8 /* Wiring S.xcconfig */ = {isa = PBXFileReference; lastKnownFileType = text.xcconfig; name = "Wiring S.xcconfig"; path = "Configurations/Wiring S.xcconfig"; sourceTree = "<group>"; };
		2FB48A5E1A0A3EC000369FC8 /* Arduino.mk */ = {isa = PBXFileReference; lastKnownFileType = text; name = Arduino.mk; path = Makefiles/Arduino.mk; sourceTree = "<group>"; };
		2FB48A5F1A0A3EC000369FC8 /* Arduino1.mk */ = {isa = PBXFileReference; lastKnownFileType = text; name = Arduino1.mk; path = Makefiles/Arduino1.mk; sourceTree = "<group>"; };
		2FB48A601A0A3EC000369FC8 /* Arduino15avr.mk */ = {isa = PBXFileReference; lastKnownFileType = text; name = Arduino15avr.mk; path = Makefiles/Arduino15avr.mk; sourceTree = "<group>"; };
		2FB48A611A0A3EC000369FC8 /* Arduino15sam.mk */ = {isa = PBXFileReference; lastKnownFileType = text; name = Arduino15sam.mk; path = Makefiles/Arduino15sam.mk; sourceTree = "<group>"; };
		2FB48A621A0A3EC000369FC8 /* Arduino23.mk */ = {isa = PBXFileReference; lastKnownFileType = text; name = Arduino23.mk; path = Makefiles/Arduino23.mk; sourceTree = "<group>"; };
		2FB48A631A0A3EC000369FC8 /* Digispark.mk */ = {isa = PBXFileReference; lastKnownFileType = text; name = Digispark.mk; path = Makefiles/Digispark.mk; sourceTree = "<group>"; };
		2FB48A641A0A3EC000369FC8 /* EnergiaMSP430.mk */ = {isa = PBXFileReference; lastKnownFileType = text; name = EnergiaMSP430.mk; path = Makefiles/EnergiaMSP430.mk; sourceTree = "<group>"; };
		2FB48A651A0A3EC000369FC8 /* EnergiaLM4F.mk */ = {isa = PBXFileReference; lastKnownFileType = text; name = EnergiaLM4F.mk; path = Makefiles/EnergiaLM4F.mk; sourceTree = "<group>"; };
		2FB48A661A0A3EC000369FC8 /* EnergiaCC3200.mk */ = {isa = PBXFileReference; lastKnownFileType = text; name = EnergiaCC3200.mk; path = Makefiles/EnergiaCC3200.mk; sourceTree = "<group>"; };
		2FB48A671A0A3EC000369FC8 /* Galileo.mk */ = {isa = PBXFileReference; lastKnownFileType = text; name = Galileo.mk; path = Makefiles/Galileo.mk; sourceTree = "<group>"; };
		2FB48A681A0A3EC000369FC8 /* MapleIDE.mk */ = {isa = PBXFileReference; lastKnownFileType = text; name = MapleIDE.mk; path = Makefiles/MapleIDE.mk; sourceTree = "<group>"; };
		2FB48A691A0A3EC000369FC8 /* Microduino.mk */ = {isa = PBXFileReference; lastKnownFileType = text; name = Microduino.mk; path = Makefiles/Microduino.mk; sourceTree = "<group>"; };
		2FB48A6A1A0A3EC000369FC8 /* Mpide.mk */ = {isa = PBXFileReference; lastKnownFileType = text; name = Mpide.mk; path = Makefiles/Mpide.mk; sourceTree = "<group>"; };
		2FB48A6B1A0A3EC000369FC8 /* Wiring.mk */ = {isa = PBXFileReference; lastKnownFileType = text; name = Wiring.mk; path = Makefiles/Wiring.mk; sourceTree = "<group>"; };
		2FB48A6C1A0A3EC000369FC8 /* Step1.mk */ = {isa = PBXFileReference; lastKnownFileType = text; name = Step1.mk; path = Makefiles/Step1.mk; sourceTree = "<group>"; };
		2FB48A6D1A0A3EC000369FC8 /* Step2.mk */ = {isa = PBXFileReference; lastKnownFileType = text; name = Step2.mk; path = Makefiles/Step2.mk; sourceTree = "<group>"; };
		2FB48A6E1A0A3EC000369FC8 /* Teensy.mk */ = {isa = PBXFileReference; lastKnownFileType = text; name = Teensy.mk; path = Makefiles/Teensy.mk; sourceTree = "<group>"; };
		2FB48A6F1A0A3EC000369FC8 /* Teensy2.mk */ = {isa = PBXFileReference; lastKnownFileType = text; name = Teensy2.mk; path = Makefiles/Teensy2.mk; sourceTree = "<group>"; };
		2FB48A701A0A3EC000369FC8 /* Teensy3.mk */ = {isa = PBXFileReference; lastKnownFileType = text; name = Teensy3.mk; path = Makefiles/Teensy3.mk; sourceTree = "<group>"; };
		2FB48A711A0A3EC000369FC8 /* Avrdude.mk */ = {isa = PBXFileReference; lastKnownFileType = text; name = Avrdude.mk; path = Makefiles/Avrdude.mk; sourceTree = "<group>"; };
		2FB48A721A0A3EC000369FC8 /* ReadMe.txt */ = {isa = PBXFileReference; lastKnownFileType = text; path = ReadMe.txt; sourceTree = "<group>"; };
		2FB48A741A0A3EC000369FC8 /* About.txt */ = {isa = PBXFileReference; lastKnownFileType = text; name = About.txt; path = About/About.txt; sourceTree = "<group>"; };
		2FB48A761A0A3EC000369FC8 /* reset.py */ = {isa = PBXFileReference; lastKnownFileType = text.script.python; name = reset.py; path = Utilities/reset.py; sourceTree = "<group>"; };
		2FB48A771A0A3EC000369FC8 /* serial1200.py */ = {isa = PBXFileReference; lastKnownFileType = text.script.python; name = serial1200.py; path = Utilities/serial1200.py; sourceTree = "<group>"; };
		2FB48A781A0A3EC000369FC8 /* embedXcode_prepare */ = {isa = PBXFileReference; lastKnownFileType = "compiled.mach-o.executable"; name = embedXcode_prepare; path = Utilities/embedXcode_prepare; sourceTree = "<group>"; };
		2FB48A791A0A3EC000369FC8 /* embedXcode_check */ = {isa = PBXFileReference; lastKnownFileType = "compiled.mach-o.executable"; name = embedXcode_check; path = Utilities/embedXcode_check; sourceTree = "<group>"; };
		2FB48A7A1A0A3EC000369FC8 /* embedXcode_chrono */ = {isa = PBXFileReference; lastKnownFileType = "compiled.mach-o.executable"; name = embedXcode_chrono; path = Utilities/embedXcode_chrono; sourceTree = "<group>"; };
		2FB48A7B1A0A3EC000369FC8 /* TemplateIcon.icns */ = {isa = PBXFileReference; lastKnownFileType = image.icns; name = TemplateIcon.icns; path = Utilities/TemplateIcon.icns; sourceTree = "<group>"; };
		2FB48A7C1A0A3EC000369FC8 /* clupload_osx.sh */ = {isa = PBXFileReference; lastKnownFileType = text.script.sh; name = clupload_osx.sh; path = Utilities/clupload_osx.sh; sourceTree = "<group>"; };
		2FB48A7D1A0A3EC000369FC8 /* Trinket_LEDs.ino */ = {isa = PBXFileReference; lastKnownFileType = text; path = Trinket_LEDs.ino; sourceTree = "<group>"; };
/* End PBXFileReference section */

/* Begin PBXGroup section */
		2FB48A1A1A0A3EBF00369FC8 = {
			isa = PBXGroup;
			children = (
				2FB48A271A0A3EBF00369FC8 /* Trinket-LEDs */,
				2FB48A261A0A3EBF00369FC8 /* Products */,
			);
			sourceTree = "<group>";
		};
		2FB48A261A0A3EBF00369FC8 /* Products */ = {
			isa = PBXGroup;
			children = (
				2FB48A251A0A3EBF00369FC8 /* Index */,
			);
			name = Products;
			sourceTree = "<group>";
		};
		2FB48A271A0A3EBF00369FC8 /* Trinket-LEDs */ = {
			isa = PBXGroup;
			children = (
				2FB48A281A0A3EBF00369FC8 /* main.cpp */,
				2FB48A2A1A0A3EBF00369FC8 /* LocalLibrary.cpp */,
				2FB48A2C1A0A3EBF00369FC8 /* LocalLibrary.h */,
				2FB48A2D1A0A3EBF00369FC8 /* Makefile */,
				2FB48A721A0A3EC000369FC8 /* ReadMe.txt */,
				2FB48A7D1A0A3EC000369FC8 /* Trinket_LEDs.ino */,
				2FB48A2F1A0A3EBF00369FC8 /* Sketchbook */,
				2FB48A311A0A3EBF00369FC8 /* Configurations */,
				2FB48A5D1A0A3EC000369FC8 /* Makefiles */,
				2FB48A731A0A3EC000369FC8 /* About */,
				2FB48A751A0A3EC000369FC8 /* Utilities */,
			);
			path = "Trinket-LEDs";
			sourceTree = "<group>";
		};
		2FB48A2F1A0A3EBF00369FC8 /* Sketchbook */ = {
			isa = PBXGroup;
			children = (
				2FB48A301A0A3EBF00369FC8 /* Sketchbook.txt */,
			);
			name = Sketchbook;
			sourceTree = "<group>";
		};
		2FB48A311A0A3EBF00369FC8 /* Configurations */ = {
			isa = PBXGroup;
			children = (
				2FB48A321A0A3EBF00369FC8 /* 4D Systems PICadillo 35T.xcconfig */,
				2FB48A331A0A3EBF00369FC8 /* Arduino Due.xcconfig */,
				2FB48A341A0A3EC000369FC8 /* Arduino Duemilanove.xcconfig */,
				2FB48A351A0A3EC000369FC8 /* Arduino Leonardo.xcconfig */,
				2FB48A361A0A3EC000369FC8 /* Arduino Mega 2560.xcconfig */,
				2FB48A371A0A3EC000369FC8 /* Arduino Micro.xcconfig */,
				2FB48A381A0A3EC000369FC8 /* Arduino Pro with ATmega328-3.3V.xcconfig */,
				2FB48A391A0A3EC000369FC8 /* Arduino Pro with ATmega328-5V.xcconfig */,
				2FB48A3A1A0A3EC000369FC8 /* Arduino Mini with ATmega168.xcconfig */,
				2FB48A3B1A0A3EC000369FC8 /* Arduino Mini with ATmega328.xcconfig */,
				2FB48A3C1A0A3EC000369FC8 /* Arduino Nano with ATmega168.xcconfig */,
				2FB48A3D1A0A3EC000369FC8 /* Arduino Nano with ATmega328.xcconfig */,
				2FB48A3E1A0A3EC000369FC8 /* Arduino Robot Control.xcconfig */,
				2FB48A3F1A0A3EC000369FC8 /* Arduino Robot Motor.xcconfig */,
				2FB48A401A0A3EC000369FC8 /* Arduino Uno.xcconfig */,
				2FB48A411A0A3EC000369FC8 /* Arduino Yun.xcconfig */,
				2FB48A421A0A3EC000369FC8 /* chipKIT Uno32.xcconfig */,
				2FB48A431A0A3EC000369FC8 /* chipKIT Max32.xcconfig */,
				2FB48A441A0A3EC000369FC8 /* chipKIT uC32.xcconfig */,
				2FB48A451A0A3EC000369FC8 /* DFRobot BLuno.xcconfig */,
				2FB48A461A0A3EC000369FC8 /* DFRobot Wido.xcconfig */,
				2FB48A471A0A3EC000369FC8 /* Digispark Tiny Core.xcconfig */,
				2FB48A481A0A3EC000369FC8 /* Experimeter Board with MSP430FR5739.xcconfig */,
				2FB48A491A0A3EC000369FC8 /* Intel Galileo.xcconfig */,
				2FB48A4A1A0A3EC000369FC8 /* Intel Galileo Gen2.xcconfig */,
				2FB48A4B1A0A3EC000369FC8 /* LaunchPad WiFi with CC3200.xcconfig */,
				2FB48A4C1A0A3EC000369FC8 /* LaunchPad Stellaris with LM4F120.xcconfig */,
				2FB48A4D1A0A3EC000369FC8 /* LaunchPad Tiva C with TM4C123.xcconfig */,
				2FB48A4E1A0A3EC000369FC8 /* LaunchPad Tiva C with TM4C129.xcconfig */,
				2FB48A4F1A0A3EC000369FC8 /* LaunchPad with MSP430G2553.xcconfig */,
				2FB48A501A0A3EC000369FC8 /* LaunchPad with MSP430G2231.xcconfig */,
				2FB48A511A0A3EC000369FC8 /* LaunchPad with MSP430G2452.xcconfig */,
				2FB48A521A0A3EC000369FC8 /* LaunchPad with MSP430F5529.xcconfig */,
				2FB48A531A0A3EC000369FC8 /* LaunchPad with MSP430FR5969.xcconfig */,
				2FB48A541A0A3EC000369FC8 /* Maple Flash revision 3+.xcconfig */,
				2FB48A551A0A3EC000369FC8 /* Microduino Core with ATmega328-5V.xcconfig */,
				2FB48A561A0A3EC000369FC8 /* Microduino Core32u4 with ATmega328U4-5V.xcconfig */,
				2FB48A571A0A3EC000369FC8 /* Microduino Core+ with ATmega644-5V.xcconfig */,
				2FB48A581A0A3EC000369FC8 /* Sparkfun Uno.xcconfig */,
				2FB48A591A0A3EC000369FC8 /* Teensy 2.0.xcconfig */,
				2FB48A5A1A0A3EC000369FC8 /* Teensy 3.0.xcconfig */,
				2FB48A5B1A0A3EC000369FC8 /* Teensy 3.1.xcconfig */,
				2FB48A5C1A0A3EC000369FC8 /* Wiring S.xcconfig */,
			);
			name = Configurations;
			sourceTree = "<group>";
		};
		2FB48A5D1A0A3EC000369FC8 /* Makefiles */ = {
			isa = PBXGroup;
			children = (
				2FB48A5E1A0A3EC000369FC8 /* Arduino.mk */,
				2FB48A5F1A0A3EC000369FC8 /* Arduino1.mk */,
				2FB48A601A0A3EC000369FC8 /* Arduino15avr.mk */,
				2FB48A611A0A3EC000369FC8 /* Arduino15sam.mk */,
				2FB48A621A0A3EC000369FC8 /* Arduino23.mk */,
				2FB48A631A0A3EC000369FC8 /* Digispark.mk */,
				2FB48A641A0A3EC000369FC8 /* EnergiaMSP430.mk */,
				2FB48A651A0A3EC000369FC8 /* EnergiaLM4F.mk */,
				2FB48A661A0A3EC000369FC8 /* EnergiaCC3200.mk */,
				2FB48A671A0A3EC000369FC8 /* Galileo.mk */,
				2FB48A681A0A3EC000369FC8 /* MapleIDE.mk */,
				2FB48A691A0A3EC000369FC8 /* Microduino.mk */,
				2FB48A6A1A0A3EC000369FC8 /* Mpide.mk */,
				2FB48A6B1A0A3EC000369FC8 /* Wiring.mk */,
				2FB48A6C1A0A3EC000369FC8 /* Step1.mk */,
				2FB48A6D1A0A3EC000369FC8 /* Step2.mk */,
				2FB48A6E1A0A3EC000369FC8 /* Teensy.mk */,
				2FB48A6F1A0A3EC000369FC8 /* Teensy2.mk */,
				2FB48A701A0A3EC000369FC8 /* Teensy3.mk */,
				2FB48A711A0A3EC000369FC8 /* Avrdude.mk */,
			);
			name = Makefiles;
			sourceTree = "<group>";
		};
		2FB48A731A0A3EC000369FC8 /* About */ = {
			isa = PBXGroup;
			children = (
				2FB48A741A0A3EC000369FC8 /* About.txt */,
			);
			name = About;
			sourceTree = "<group>";
		};
		2FB48A751A0A3EC000369FC8 /* Utilities */ = {
			isa = PBXGroup;
			children = (
				2FB48A761A0A3EC000369FC8 /* reset.py */,
				2FB48A771A0A3EC000369FC8 /* serial1200.py */,
				2FB48A781A0A3EC000369FC8 /* embedXcode_prepare */,
				2FB48A791A0A3EC000369FC8 /* embedXcode_check */,
				2FB48A7A1A0A3EC000369FC8 /* embedXcode_chrono */,
				2FB48A7B1A0A3EC000369FC8 /* TemplateIcon.icns */,
				2FB48A7C1A0A3EC000369FC8 /* clupload_osx.sh */,
			);
			name = Utilities;
			sourceTree = "<group>";
		};
/* End PBXGroup section */

/* Begin PBXLegacyTarget section */
		2FB48A1F1A0A3EBF00369FC8 /* All */ = {
			isa = PBXLegacyTarget;
			buildArgumentsString = "all -C \"$(PROJECT)\"";
			buildConfigurationList = 2FB48A801A0A3EC000369FC8 /* Build configuration list for PBXLegacyTarget "All" */;
			buildPhases = (
			);
			buildToolPath = make;
			dependencies = (
			);
			name = All;
			passBuildSettingsInEnvironment = 1;
			productName = All;
		};
		2FB48A201A0A3EBF00369FC8 /* Build */ = {
			isa = PBXLegacyTarget;
			buildArgumentsString = "build -C \"$(PROJECT)\"";
			buildConfigurationList = 2FB48A831A0A3EC000369FC8 /* Build configuration list for PBXLegacyTarget "Build" */;
			buildPhases = (
			);
			buildToolPath = make;
			dependencies = (
			);
			name = Build;
			passBuildSettingsInEnvironment = 1;
			productName = Build;
		};
		2FB48A211A0A3EBF00369FC8 /* Serial */ = {
			isa = PBXLegacyTarget;
			buildArgumentsString = "serial -C \"$(PROJECT)\"";
			buildConfigurationList = 2FB48A861A0A3EC000369FC8 /* Build configuration list for PBXLegacyTarget "Serial" */;
			buildPhases = (
			);
			buildToolPath = make;
			dependencies = (
			);
			name = Serial;
			passBuildSettingsInEnvironment = 1;
			productName = Serial;
		};
		2FB48A221A0A3EBF00369FC8 /* Upload */ = {
			isa = PBXLegacyTarget;
			buildArgumentsString = "upload -C \"$(PROJECT)\"";
			buildConfigurationList = 2FB48A891A0A3EC000369FC8 /* Build configuration list for PBXLegacyTarget "Upload" */;
			buildPhases = (
			);
			buildToolPath = make;
			dependencies = (
			);
			name = Upload;
			passBuildSettingsInEnvironment = 1;
			productName = Upload;
		};
/* End PBXLegacyTarget section */

/* Begin PBXNativeTarget section */
		2FB48A241A0A3EBF00369FC8 /* Index */ = {
			isa = PBXNativeTarget;
			buildConfigurationList = 2FB48A8C1A0A3EC000369FC8 /* Build configuration list for PBXNativeTarget "Index" */;
			buildPhases = (
				2FB48A231A0A3EBF00369FC8 /* Sources */,
			);
			buildRules = (
			);
			dependencies = (
			);
			name = Index;
			productName = Index;
			productReference = 2FB48A251A0A3EBF00369FC8 /* Index */;
			productType = "com.apple.product-type.tool";
		};
/* End PBXNativeTarget section */

/* Begin PBXProject section */
		2FB48A1B1A0A3EBF00369FC8 /* Project object */ = {
			isa = PBXProject;
			attributes = {
				LastUpgradeCheck = 0610;
				ORGANIZATIONNAME = "Geert Altena";
				TargetAttributes = {
					2FB48A1F1A0A3EBF00369FC8 = {
						CreatedOnToolsVersion = 6.1;
					};
					2FB48A201A0A3EBF00369FC8 = {
						CreatedOnToolsVersion = 6.1;
					};
					2FB48A211A0A3EBF00369FC8 = {
						CreatedOnToolsVersion = 6.1;
					};
					2FB48A221A0A3EBF00369FC8 = {
						CreatedOnToolsVersion = 6.1;
					};
					2FB48A241A0A3EBF00369FC8 = {
						CreatedOnToolsVersion = 6.1;
					};
				};
			};
			buildConfigurationList = 2FB48A1E1A0A3EBF00369FC8 /* Build configuration list for PBXProject "Trinket-LEDs" */;
			compatibilityVersion = "Xcode 3.2";
			developmentRegion = English;
			hasScannedForEncodings = 0;
			knownRegions = (
				en,
			);
			mainGroup = 2FB48A1A1A0A3EBF00369FC8;
			productRefGroup = 2FB48A261A0A3EBF00369FC8 /* Products */;
			projectDirPath = "";
			projectRoot = "";
			targets = (
				2FB48A1F1A0A3EBF00369FC8 /* All */,
				2FB48A201A0A3EBF00369FC8 /* Build */,
				2FB48A211A0A3EBF00369FC8 /* Serial */,
				2FB48A221A0A3EBF00369FC8 /* Upload */,
				2FB48A241A0A3EBF00369FC8 /* Index */,
			);
		};
/* End PBXProject section */

/* Begin PBXSourcesBuildPhase section */
		2FB48A231A0A3EBF00369FC8 /* Sources */ = {
			isa = PBXSourcesBuildPhase;
			buildActionMask = 2147483647;
			files = (
				2FB48A2E1A0A3EBF00369FC8 /* Makefile in Sources */,
				2FB48A291A0A3EBF00369FC8 /* main.cpp in Sources */,
				2FB48A2B1A0A3EBF00369FC8 /* LocalLibrary.cpp in Sources */,
			);
			runOnlyForDeploymentPostprocessing = 0;
		};
/* End PBXSourcesBuildPhase section */

/* Begin XCBuildConfiguration section */
		2FB48A7E1A0A3EC000369FC8 /* Debug */ = {
			isa = XCBuildConfiguration;
			baseConfigurationReference = 2FB48A471A0A3EC000369FC8 /* Digispark Tiny Core.xcconfig */;
			buildSettings = {
				ALWAYS_SEARCH_USER_PATHS = NO;
				CLANG_CXX_LANGUAGE_STANDARD = "gnu++0x";
				CLANG_CXX_LIBRARY = "libc++";
				CLANG_ENABLE_MODULES = YES;
				CLANG_ENABLE_OBJC_ARC = YES;
				CLANG_WARN_BOOL_CONVERSION = YES;
				CLANG_WARN_CONSTANT_CONVERSION = YES;
				CLANG_WARN_DIRECT_OBJC_ISA_USAGE = YES_ERROR;
				CLANG_WARN_EMPTY_BODY = YES;
				CLANG_WARN_ENUM_CONVERSION = YES;
				CLANG_WARN_INT_CONVERSION = YES;
				CLANG_WARN_OBJC_ROOT_CLASS = YES_ERROR;
				CLANG_WARN_UNREACHABLE_CODE = YES;
				CLANG_WARN__DUPLICATE_METHOD_MATCH = YES;
				COPY_PHASE_STRIP = NO;
				ENABLE_STRICT_OBJC_MSGSEND = YES;
				GCC_C_LANGUAGE_STANDARD = gnu99;
				GCC_DYNAMIC_NO_PIC = NO;
				GCC_OPTIMIZATION_LEVEL = 0;
				GCC_PREPROCESSOR_DEFINITIONS = (
					"DEBUG=1",
					"$(inherited)",
				);
				GCC_SYMBOLS_PRIVATE_EXTERN = NO;
				GCC_WARN_64_TO_32_BIT_CONVERSION = YES;
				GCC_WARN_ABOUT_RETURN_TYPE = YES_ERROR;
				GCC_WARN_UNDECLARED_SELECTOR = YES;
				GCC_WARN_UNINITIALIZED_AUTOS = YES_AGGRESSIVE;
				GCC_WARN_UNUSED_FUNCTION = YES;
				GCC_WARN_UNUSED_VARIABLE = YES;
				HEADER_SEARCH_PATHS = "$(inherited)";
				MTL_ENABLE_DEBUG_INFO = YES;
				ONLY_ACTIVE_ARCH = YES;
				PATH = "$(PATH):$(PROJECT_DIR)";
				PRODUCT_NAME = "$(TARGET_NAME)";
				SKETCHBOOK_DIR = "";
				SKETCH_EXTENSION = ino;
			};
			name = Debug;
		};
		2FB48A7F1A0A3EC000369FC8 /* Release */ = {
			isa = XCBuildConfiguration;
			buildSettings = {
				ALWAYS_SEARCH_USER_PATHS = NO;
				CLANG_CXX_LANGUAGE_STANDARD = "gnu++0x";
				CLANG_CXX_LIBRARY = "libc++";
				CLANG_ENABLE_MODULES = YES;
				CLANG_ENABLE_OBJC_ARC = YES;
				CLANG_WARN_BOOL_CONVERSION = YES;
				CLANG_WARN_CONSTANT_CONVERSION = YES;
				CLANG_WARN_DIRECT_OBJC_ISA_USAGE = YES_ERROR;
				CLANG_WARN_EMPTY_BODY = YES;
				CLANG_WARN_ENUM_CONVERSION = YES;
				CLANG_WARN_INT_CONVERSION = YES;
				CLANG_WARN_OBJC_ROOT_CLASS = YES_ERROR;
				CLANG_WARN_UNREACHABLE_CODE = YES;
				CLANG_WARN__DUPLICATE_METHOD_MATCH = YES;
				COPY_PHASE_STRIP = YES;
				ENABLE_NS_ASSERTIONS = NO;
				ENABLE_STRICT_OBJC_MSGSEND = YES;
				GCC_C_LANGUAGE_STANDARD = gnu99;
				GCC_WARN_64_TO_32_BIT_CONVERSION = YES;
				GCC_WARN_ABOUT_RETURN_TYPE = YES_ERROR;
				GCC_WARN_UNDECLARED_SELECTOR = YES;
				GCC_WARN_UNINITIALIZED_AUTOS = YES_AGGRESSIVE;
				GCC_WARN_UNUSED_FUNCTION = YES;
				GCC_WARN_UNUSED_VARIABLE = YES;
				HEADER_SEARCH_PATHS = "$(inherited)";
				MTL_ENABLE_DEBUG_INFO = NO;
				PATH = "$(PATH):$(PROJECT_DIR)";
				PRODUCT_NAME = "$(TARGET_NAME)";
				SKETCHBOOK_DIR = "";
				SKETCH_EXTENSION = ino;
			};
			name = Release;
		};
		2FB48A811A0A3EC000369FC8 /* Debug */ = {
			isa = XCBuildConfiguration;
			buildSettings = {
				PRODUCT_NAME = "$(TARGET_NAME)";
			};
			name = Debug;
		};
		2FB48A821A0A3EC000369FC8 /* Release */ = {
			isa = XCBuildConfiguration;
			buildSettings = {
				PRODUCT_NAME = "$(TARGET_NAME)";
			};
			name = Release;
		};
		2FB48A841A0A3EC000369FC8 /* Debug */ = {
			isa = XCBuildConfiguration;
			buildSettings = {
			};
			name = Debug;
		};
		2FB48A851A0A3EC000369FC8 /* Release */ = {
			isa = XCBuildConfiguration;
			buildSettings = {
			};
			name = Release;
		};
		2FB48A871A0A3EC000369FC8 /* Debug */ = {
			isa = XCBuildConfiguration;
			buildSettings = {
			};
			name = Debug;
		};
		2FB48A881A0A3EC000369FC8 /* Release */ = {
			isa = XCBuildConfiguration;
			buildSettings = {
			};
			name = Release;
		};
		2FB48A8A1A0A3EC000369FC8 /* Debug */ = {
			isa = XCBuildConfiguration;
			buildSettings = {
			};
			name = Debug;
		};
		2FB48A8B1A0A3EC000369FC8 /* Release */ = {
			isa = XCBuildConfiguration;
			buildSettings = {
			};
			name = Release;
		};
		2FB48A8D1A0A3EC000369FC8 /* Debug */ = {
			isa = XCBuildConfiguration;
			buildSettings = {
			};
			name = Debug;
		};
		2FB48A8E1A0A3EC000369FC8 /* Release */ = {
			isa = XCBuildConfiguration;
			buildSettings = {
			};
			name = Release;
		};
/* End XCBuildConfiguration section */

/* Begin XCConfigurationList section */
		2FB48A1E1A0A3EBF00369FC8 /* Build configuration list for PBXProject "Trinket-LEDs" */ = {
			isa = XCConfigurationList;
			buildConfigurations = (
				2FB48A7E1A0A3EC000369FC8 /* Debug */,
				2FB48A7F1A0A3EC000369FC8 /* Release */,
			);
			defaultConfigurationIsVisible = 0;
			defaultConfigurationName = Release;
		};
		2FB48A801A0A3EC000369FC8 /* Build configuration list for PBXLegacyTarget "All" */ = {
			isa = XCConfigurationList;
			buildConfigurations = (
				2FB48A811A0A3EC000369FC8 /* Debug */,
				2FB48A821A0A3EC000369FC8 /* Release */,
			);
			defaultConfigurationIsVisible = 0;
		};
		2FB48A831A0A3EC000369FC8 /* Build configuration list for PBXLegacyTarget "Build" */ = {
			isa = XCConfigurationList;
			buildConfigurations = (
				2FB48A841A0A3EC000369FC8 /* Debug */,
				2FB48A851A0A3EC000369FC8 /* Release */,
			);
			defaultConfigurationIsVisible = 0;
		};
		2FB48A861A0A3EC000369FC8 /* Build configuration list for PBXLegacyTarget "Serial" */ = {
			isa = XCConfigurationList;
			buildConfigurations = (
				2FB48A871A0A3EC000369FC8 /* Debug */,
				2FB48A881A0A3EC000369FC8 /* Release */,
			);
			defaultConfigurationIsVisible = 0;
		};
		2FB48A891A0A3EC000369FC8 /* Build configuration list for PBXLegacyTarget "Upload" */ = {
			isa = XCConfigurationList;
			buildConfigurations = (
				2FB48A8A1A0A3EC000369FC8 /* Debug */,
				2FB48A8B1A0A3EC000369FC8 /* Release */,
			);
			defaultConfigurationIsVisible = 0;
		};
		2FB48A8C1A0A3EC000369FC8 /* Build configuration list for PBXNativeTarget "Index" */ = {
			isa = XCConfigurationList;
			buildConfigurations = (
				2FB48A8D1A0A3EC000369FC8 /* Debug */,
				2FB48A8E1A0A3EC000369FC8 /* Release */,
			);
			defaultConfigurationIsVisible = 0;
		};
/* End XCConfigurationList section */
	};
	rootObject = 2FB48A1B1A0A3EBF00369FC8 /* Project object */;
}
